
Microsoft Visual Studio Solution File, Format Version 12.00
# Visual Studio Version 17
VisualStudioVersion = 17.14.36408.4 d17.14
MinimumVisualStudioVersion = 10.0.40219.1
Project("{FAE04EC0-301F-11D3-BF4B-00C04F79EFBC}") = "OOP_Basics", "OOP_Basics\OOP_Basics.csproj", "{8EA0CC12-629A-449C-A0D2-E71A3B3009CC}"
EndProject
Global
	GlobalSection(SolutionConfigurationPlatforms) = preSolution
		Debug|Any CPU = Debug|Any CPU
		Release|Any CPU = Release|Any CPU
	EndGlobalSection
	GlobalSection(ProjectConfigurationPlatforms) = postSolution
		{8EA0CC12-629A-449C-A0D2-E71A3B3009CC}.Debug|Any CPU.ActiveCfg = Debug|Any CPU
		{8EA0CC12-629A-449C-A0D2-E71A3B3009CC}.Debug|Any CPU.Build.0 = Debug|Any CPU
		{8EA0CC12-629A-449C-A0D2-E71A3B3009CC}.Release|Any CPU.ActiveCfg = Release|Any CPU
		{8EA0CC12-629A-449C-A0D2-E71A3B3009CC}.Release|Any CPU.Build.0 = Release|Any CPU
	EndGlobalSection
	GlobalSection(SolutionProperties) = preSolution
		HideSolutionNode = FALSE
	EndGlobalSection
	GlobalSection(ExtensibilityGlobals) = postSolution
		SolutionGuid = {C5A6D550-26E0-496C-B01D-D3217316FB51}
	EndGlobalSection
EndGlobal
